
Microsoft Visual Studio Solution File, Format Version 12.00
# Visual Studio Version 17
VisualStudioVersion = 17.14.36623.8 d17.14
MinimumVisualStudioVersion = 10.0.40219.1
Project("{FAE04EC0-301F-11D3-BF4B-00C04F79EFBC}") = "GalEngine.Sample", "GalEngine.Sample.csproj", "{044747C4-6418-5FD4-581E-8B58D6425697}"
EndProject
Global
	GlobalSection(SolutionConfigurationPlatforms) = preSolution
		Debug|Any CPU = Debug|Any CPU
		Release|Any CPU = Release|Any CPU
	EndGlobalSection
	GlobalSection(ProjectConfigurationPlatforms) = postSolution
		{044747C4-6418-5FD4-581E-8B58D6425697}.Debug|Any CPU.ActiveCfg = Debug|Any CPU
		{044747C4-6418-5FD4-581E-8B58D6425697}.Debug|Any CPU.Build.0 = Debug|Any CPU
		{044747C4-6418-5FD4-581E-8B58D6425697}.Release|Any CPU.ActiveCfg = Release|Any CPU
		{044747C4-6418-5FD4-581E-8B58D6425697}.Release|Any CPU.Build.0 = Release|Any CPU
	EndGlobalSection
	GlobalSection(SolutionProperties) = preSolution
		HideSolutionNode = FALSE
	EndGlobalSection
	GlobalSection(ExtensibilityGlobals) = postSolution
		SolutionGuid = {8F58EAEB-5D00-45A9-9761-FAA96C44AF49}
	EndGlobalSection
EndGlobal
